
Microsoft Visual Studio Solution File, Format Version 12.00
# Visual Studio 15
Project("{FAE04EC0-301F-11D3-BF4B-00C04F79EFBC}") = "APIAssignment", "APIAssignment\APIAssignment.csproj", "{1202E8F9-212E-48B3-ABE7-95A1A0D18DE5}"
EndProject
Global
	GlobalSection(SolutionConfigurationPlatforms) = preSolution
		Debug|Any CPU = Debug|Any CPU
		Release|Any CPU = Release|Any CPU
	EndGlobalSection
	GlobalSection(ProjectConfigurationPlatforms) = postSolution
		{1202E8F9-212E-48B3-ABE7-95A1A0D18DE5}.Debug|Any CPU.ActiveCfg = Debug|Any CPU
		{1202E8F9-212E-48B3-ABE7-95A1A0D18DE5}.Debug|Any CPU.Build.0 = Debug|Any CPU
		{1202E8F9-212E-48B3-ABE7-95A1A0D18DE5}.Release|Any CPU.ActiveCfg = Release|Any CPU
		{1202E8F9-212E-48B3-ABE7-95A1A0D18DE5}.Release|Any CPU.Build.0 = Release|Any CPU
	EndGlobalSection
EndGlobal
